
Microsoft Visual Studio Solution File, Format Version 12.00
# Visual Studio Version 17
VisualStudioVersion = 17.9.34728.123
MinimumVisualStudioVersion = 10.0.40219.1
Project("{FAE04EC0-301F-11D3-BF4B-00C04F79EFBC}") = "ST10362208_Prog6221_Part2.ed", "ST10362208_Prog6221_Part2.ed.csproj", "{2E2E10BD-DEB6-4551-B459-E861F7F91E93}"
EndProject
Project("{FAE04EC0-301F-11D3-BF4B-00C04F79EFBC}") = "CalculationTest", "..\CalculationTest\CalculationTest.csproj", "{8BA99F2D-910B-4A75-954A-F11B1A312387}"
EndProject
Global
	GlobalSection(SolutionConfigurationPlatforms) = preSolution
		Debug|Any CPU = Debug|Any CPU
		Release|Any CPU = Release|Any CPU
	EndGlobalSection
	GlobalSection(ProjectConfigurationPlatforms) = postSolution
		{2E2E10BD-DEB6-4551-B459-E861F7F91E93}.Debug|Any CPU.ActiveCfg = Debug|Any CPU
		{2E2E10BD-DEB6-4551-B459-E861F7F91E93}.Debug|Any CPU.Build.0 = Debug|Any CPU
		{2E2E10BD-DEB6-4551-B459-E861F7F91E93}.Release|Any CPU.ActiveCfg = Release|Any CPU
		{2E2E10BD-DEB6-4551-B459-E861F7F91E93}.Release|Any CPU.Build.0 = Release|Any CPU
		{8BA99F2D-910B-4A75-954A-F11B1A312387}.Debug|Any CPU.ActiveCfg = Debug|Any CPU
		{8BA99F2D-910B-4A75-954A-F11B1A312387}.Debug|Any CPU.Build.0 = Debug|Any CPU
		{8BA99F2D-910B-4A75-954A-F11B1A312387}.Release|Any CPU.ActiveCfg = Release|Any CPU
		{8BA99F2D-910B-4A75-954A-F11B1A312387}.Release|Any CPU.Build.0 = Release|Any CPU
	EndGlobalSection
	GlobalSection(SolutionProperties) = preSolution
		HideSolutionNode = FALSE
	EndGlobalSection
	GlobalSection(ExtensibilityGlobals) = postSolution
		SolutionGuid = {34F130F0-A609-4193-9FF9-0A5318024106}
	EndGlobalSection
EndGlobal
